
Microsoft Visual Studio Solution File, Format Version 12.00
# Visual Studio Version 17
VisualStudioVersion = 17.12.35521.163 d17.12
MinimumVisualStudioVersion = 10.0.40219.1
Project("{FAE04EC0-301F-11D3-BF4B-00C04F79EFBC}") = "BossTest-NUnitTest", "BossTest-NUnitTest.csproj", "{FEB6221A-B785-49FD-9708-AC820F613476}"
EndProject
Project("{FAE04EC0-301F-11D3-BF4B-00C04F79EFBC}") = "BossTest-Program", "..\BossTest-Program\BossTest-Program.csproj", "{298320D9-C123-44B6-8EAB-CDF1F8E45D89}"
EndProject
Global
	GlobalSection(SolutionConfigurationPlatforms) = preSolution
		Debug|Any CPU = Debug|Any CPU
		Release|Any CPU = Release|Any CPU
	EndGlobalSection
	GlobalSection(ProjectConfigurationPlatforms) = postSolution
		{FEB6221A-B785-49FD-9708-AC820F613476}.Debug|Any CPU.ActiveCfg = Debug|Any CPU
		{FEB6221A-B785-49FD-9708-AC820F613476}.Debug|Any CPU.Build.0 = Debug|Any CPU
		{FEB6221A-B785-49FD-9708-AC820F613476}.Release|Any CPU.ActiveCfg = Release|Any CPU
		{FEB6221A-B785-49FD-9708-AC820F613476}.Release|Any CPU.Build.0 = Release|Any CPU
		{298320D9-C123-44B6-8EAB-CDF1F8E45D89}.Debug|Any CPU.ActiveCfg = Debug|Any CPU
		{298320D9-C123-44B6-8EAB-CDF1F8E45D89}.Debug|Any CPU.Build.0 = Debug|Any CPU
		{298320D9-C123-44B6-8EAB-CDF1F8E45D89}.Release|Any CPU.ActiveCfg = Release|Any CPU
		{298320D9-C123-44B6-8EAB-CDF1F8E45D89}.Release|Any CPU.Build.0 = Release|Any CPU
	EndGlobalSection
	GlobalSection(SolutionProperties) = preSolution
		HideSolutionNode = FALSE
	EndGlobalSection
EndGlobal
