
Microsoft Visual Studio Solution File, Format Version 12.00
# Visual Studio Version 17
VisualStudioVersion = 17.12.35506.116 d17.12
MinimumVisualStudioVersion = 10.0.40219.1
Project("{FAE04EC0-301F-11D3-BF4B-00C04F79EFBC}") = "ParProgrammering-Pokemon", "ParProgrammering-Pokemon.csproj", "{59A2DD66-AF58-4C9F-8851-E834F6572621}"
EndProject
Global
	GlobalSection(SolutionConfigurationPlatforms) = preSolution
		Debug|Any CPU = Debug|Any CPU
		Release|Any CPU = Release|Any CPU
	EndGlobalSection
	GlobalSection(ProjectConfigurationPlatforms) = postSolution
		{59A2DD66-AF58-4C9F-8851-E834F6572621}.Debug|Any CPU.ActiveCfg = Debug|Any CPU
		{59A2DD66-AF58-4C9F-8851-E834F6572621}.Debug|Any CPU.Build.0 = Debug|Any CPU
		{59A2DD66-AF58-4C9F-8851-E834F6572621}.Release|Any CPU.ActiveCfg = Release|Any CPU
		{59A2DD66-AF58-4C9F-8851-E834F6572621}.Release|Any CPU.Build.0 = Release|Any CPU
	EndGlobalSection
	GlobalSection(SolutionProperties) = preSolution
		HideSolutionNode = FALSE
	EndGlobalSection
EndGlobal
